PODS:
  - connectivity_macos (0.0.1):
    - FlutterMacOS
    - Reachability
  - desktop_drop (0.0.1):
    - FlutterMacOS
  - FlutterMacOS (1.0.0)
  - path_provider_macos (0.0.1):
    - FlutterMacOS
  - photo_manager (1.0.0):
    - Flutter
    - FlutterMacOS
  - Reachability (3.2)
  - shared_preferences_macos (0.0.1):
    - FlutterMacOS
  - url_launcher_macos (0.0.1):
    - FlutterMacOS

DEPENDENCIES:
  - connectivity_macos (from `Flutter/ephemeral/.symlinks/plugins/connectivity_macos/macos`)
  - desktop_drop (from `Flutter/ephemeral/.symlinks/plugins/desktop_drop/macos`)
  - FlutterMacOS (from `Flutter/ephemeral`)
  - path_provider_macos (from `Flutter/ephemeral/.symlinks/plugins/path_provider_macos/macos`)
  - photo_manager (from `Flutter/ephemeral/.symlinks/plugins/photo_manager/macos`)
  - shared_preferences_macos (from `Flutter/ephemeral/.symlinks/plugins/shared_preferences_macos/macos`)
  - url_launcher_macos (from `Flutter/ephemeral/.symlinks/plugins/url_launcher_macos/macos`)

SPEC REPOS:
  trunk:
    - Reachability

EXTERNAL SOURCES:
  connectivity_macos:
    :path: Flutter/ephemeral/.symlinks/plugins/connectivity_macos/macos
  desktop_drop:
    :path: Flutter/ephemeral/.symlinks/plugins/desktop_drop/macos
  FlutterMacOS:
    :path: Flutter/ephemeral
  path_provider_macos:
    :path: Flutter/ephemeral/.symlinks/plugins/path_provider_macos/macos
  photo_manager:
    :path: Flutter/ephemeral/.symlinks/plugins/photo_manager/macos
  shared_preferences_macos:
    :path: Flutter/ephemeral/.symlinks/plugins/shared_preferences_macos/macos
  url_launcher_macos:
    :path: Flutter/ephemeral/.symlinks/plugins/url_launcher_macos/macos

SPEC CHECKSUMS:
  connectivity_macos: 5dae6ee11d320fac7c05f0d08bd08fc32b5514d9
  desktop_drop: 69eeff437544aa619c8db7f4481b3a65f7696898
  FlutterMacOS: 57701585bf7de1b3fc2bb61f6378d73bbdea8424
  path_provider_macos: 3c0c3b4b0d4a76d2bf989a913c2de869c5641a19
  photo_manager: 84fa94fbeb82e607333ea9a13c43b58e0903a463
  Reachability: 33e18b67625424e47b6cde6d202dce689ad7af96
  shared_preferences_macos: a64dc611287ed6cbe28fd1297898db1336975727
  url_launcher_macos: 597e05b8e514239626bcf4a850fcf9ef5c856ec3

PODFILE CHECKSUM: 0d3963a09fc94f580682bd88480486da345dc3f0

COCOAPODS: 1.11.3
